{
  "name": "svelt-yjs",
  "version": "0.2.1",
  "lockfileVersion": 1,
  "requires": true,
  "dependencies": {
    "iswin": {
      "version": "0.0.2",
      "resolved": "https://registry.npmjs.org/iswin/-/iswin-0.0.2.tgz",
      "integrity": "sha1-+/TL+/Lmn4yPq03sLgyQ8Egvx0o="
    },
    "lodash": {
      "version": "3.10.1",
      "resolved": "https://registry.npmjs.org/lodash/-/lodash-3.10.1.tgz",
      "integrity": "sha1-W/Rejkm6QYnhfUgnid/RW9FAt7Y="
    },
    "node-tsc": {
      "version": "0.0.14",
      "resolved": "https://registry.npmjs.org/node-tsc/-/node-tsc-0.0.14.tgz",
      "integrity": "sha1-vHJ3jrm1voSnkqboNFiPy7tBhNk=",
      "requires": {
        "iswin": "0.0.2",
        "lodash": "~3.10.1"
      }
    },
    "ntypescript": {
      "version": "1.201706190042.1",
      "resolved": "https://registry.npmjs.org/ntypescript/-/ntypescript-1.201706190042.1.tgz",
      "integrity": "sha1-hmrpzDZoixQWBhVu0LzDXN9TYnE="
    }
  }
}
